
Microsoft Visual Studio Solution File, Format Version 12.00
# Visual Studio 2012
Project("{FAE04EC0-301F-11D3-BF4B-00C04F79EFBC}") = "AndroidApp_1", "AndroidApp_1\AndroidApp_1.csproj", "{B969CEA3-0ADE-4502-96A3-57FFD1240A01}"
EndProject
Project("{FAE04EC0-301F-11D3-BF4B-00C04F79EFBC}") = "AhnAndroidApp_First", "AhnAndroidApp_First\AhnAndroidApp_First.csproj", "{5A6366B4-5844-46DB-A072-613F16E8ACEF}"
EndProject
Global
	GlobalSection(SolutionConfigurationPlatforms) = preSolution
		Debug|Any CPU = Debug|Any CPU
		Release|Any CPU = Release|Any CPU
	EndGlobalSection
	GlobalSection(ProjectConfigurationPlatforms) = postSolution
		{B969CEA3-0ADE-4502-96A3-57FFD1240A01}.Debug|Any CPU.ActiveCfg = Debug|Any CPU
		{B969CEA3-0ADE-4502-96A3-57FFD1240A01}.Debug|Any CPU.Build.0 = Debug|Any CPU
		{B969CEA3-0ADE-4502-96A3-57FFD1240A01}.Debug|Any CPU.Deploy.0 = Debug|Any CPU
		{B969CEA3-0ADE-4502-96A3-57FFD1240A01}.Release|Any CPU.ActiveCfg = Release|Any CPU
		{B969CEA3-0ADE-4502-96A3-57FFD1240A01}.Release|Any CPU.Build.0 = Release|Any CPU
		{B969CEA3-0ADE-4502-96A3-57FFD1240A01}.Release|Any CPU.Deploy.0 = Release|Any CPU
		{5A6366B4-5844-46DB-A072-613F16E8ACEF}.Debug|Any CPU.ActiveCfg = Debug|Any CPU
		{5A6366B4-5844-46DB-A072-613F16E8ACEF}.Debug|Any CPU.Build.0 = Debug|Any CPU
		{5A6366B4-5844-46DB-A072-613F16E8ACEF}.Debug|Any CPU.Deploy.0 = Debug|Any CPU
		{5A6366B4-5844-46DB-A072-613F16E8ACEF}.Release|Any CPU.ActiveCfg = Release|Any CPU
		{5A6366B4-5844-46DB-A072-613F16E8ACEF}.Release|Any CPU.Build.0 = Release|Any CPU
		{5A6366B4-5844-46DB-A072-613F16E8ACEF}.Release|Any CPU.Deploy.0 = Release|Any CPU
	EndGlobalSection
	GlobalSection(SolutionProperties) = preSolution
		HideSolutionNode = FALSE
	EndGlobalSection
EndGlobal
